
Microsoft Visual Studio Solution File, Format Version 12.00
# Visual Studio Version 17
Project("{8BC9CEB8-8B4A-11D0-8D11-00A0C91BC942}") = "ALL_BUILD", "ALL_BUILD.vcxproj", "{4D62B858-43F5-3D53-B1BB-DEBB488861E2}"
	ProjectSection(ProjectDependencies) = postProject
		{A250DF34-8426-3F59-B17C-9E0820D61BFC} = {A250DF34-8426-3F59-B17C-9E0820D61BFC}
		{31DABFB0-A37B-32C5-9913-56AB998FDAEC} = {31DABFB0-A37B-32C5-9913-56AB998FDAEC}
		{69F1C1D2-758A-3085-9E9C-BCA2C64ED72C} = {69F1C1D2-758A-3085-9E9C-BCA2C64ED72C}
		{57F1F757-6EE2-3C4D-A5C1-4C38E268ADB4} = {57F1F757-6EE2-3C4D-A5C1-4C38E268ADB4}
		{8C305498-308F-3871-A1B2-AA57AA5CB308} = {8C305498-308F-3871-A1B2-AA57AA5CB308}
		{5A2590F3-FE82-3431-88B0-45CA9261B68F} = {5A2590F3-FE82-3431-88B0-45CA9261B68F}
	EndProjectSection
EndProject
Project("{8BC9CEB8-8B4A-11D0-8D11-00A0C91BC942}") = "INSTALL", "INSTALL.vcxproj", "{6FCB2439-7E2B-37C8-90B7-EC948E1C8820}"
	ProjectSection(ProjectDependencies) = postProject
		{4D62B858-43F5-3D53-B1BB-DEBB488861E2} = {4D62B858-43F5-3D53-B1BB-DEBB488861E2}
		{A250DF34-8426-3F59-B17C-9E0820D61BFC} = {A250DF34-8426-3F59-B17C-9E0820D61BFC}
	EndProjectSection
EndProject
Project("{8BC9CEB8-8B4A-11D0-8D11-00A0C91BC942}") = "UpdateAssimpLibsDebugSymbolsAndDLLs", "UpdateAssimpLibsDebugSymbolsAndDLLs.vcxproj", "{434A2C43-D355-38EB-8709-257638788FFC}"
	ProjectSection(ProjectDependencies) = postProject
		{A250DF34-8426-3F59-B17C-9E0820D61BFC} = {A250DF34-8426-3F59-B17C-9E0820D61BFC}
	EndProjectSection
EndProject
Project("{8BC9CEB8-8B4A-11D0-8D11-00A0C91BC942}") = "ZERO_CHECK", "ZERO_CHECK.vcxproj", "{A250DF34-8426-3F59-B17C-9E0820D61BFC}"
	ProjectSection(ProjectDependencies) = postProject
	EndProjectSection
EndProject
Project("{8BC9CEB8-8B4A-11D0-8D11-00A0C91BC942}") = "assimp", "code\assimp.vcxproj", "{31DABFB0-A37B-32C5-9913-56AB998FDAEC}"
	ProjectSection(ProjectDependencies) = postProject
		{A250DF34-8426-3F59-B17C-9E0820D61BFC} = {A250DF34-8426-3F59-B17C-9E0820D61BFC}
		{5A2590F3-FE82-3431-88B0-45CA9261B68F} = {5A2590F3-FE82-3431-88B0-45CA9261B68F}
	EndProjectSection
EndProject
Project("{8BC9CEB8-8B4A-11D0-8D11-00A0C91BC942}") = "assimp_simpleogl", "samples\SimpleOpenGL\assimp_simpleogl.vcxproj", "{69F1C1D2-758A-3085-9E9C-BCA2C64ED72C}"
	ProjectSection(ProjectDependencies) = postProject
		{A250DF34-8426-3F59-B17C-9E0820D61BFC} = {A250DF34-8426-3F59-B17C-9E0820D61BFC}
		{31DABFB0-A37B-32C5-9913-56AB998FDAEC} = {31DABFB0-A37B-32C5-9913-56AB998FDAEC}
		{5A2590F3-FE82-3431-88B0-45CA9261B68F} = {5A2590F3-FE82-3431-88B0-45CA9261B68F}
	EndProjectSection
EndProject
Project("{8BC9CEB8-8B4A-11D0-8D11-00A0C91BC942}") = "assimp_simpletextureddirectx11", "samples\SimpleTexturedDirectx11\assimp_simpletextureddirectx11.vcxproj", "{57F1F757-6EE2-3C4D-A5C1-4C38E268ADB4}"
	ProjectSection(ProjectDependencies) = postProject
		{A250DF34-8426-3F59-B17C-9E0820D61BFC} = {A250DF34-8426-3F59-B17C-9E0820D61BFC}
		{31DABFB0-A37B-32C5-9913-56AB998FDAEC} = {31DABFB0-A37B-32C5-9913-56AB998FDAEC}
		{5A2590F3-FE82-3431-88B0-45CA9261B68F} = {5A2590F3-FE82-3431-88B0-45CA9261B68F}
	EndProjectSection
EndProject
Project("{8BC9CEB8-8B4A-11D0-8D11-00A0C91BC942}") = "assimp_simpletexturedogl", "samples\SimpleTexturedOpenGL\assimp_simpletexturedogl.vcxproj", "{8C305498-308F-3871-A1B2-AA57AA5CB308}"
	ProjectSection(ProjectDependencies) = postProject
		{A250DF34-8426-3F59-B17C-9E0820D61BFC} = {A250DF34-8426-3F59-B17C-9E0820D61BFC}
		{31DABFB0-A37B-32C5-9913-56AB998FDAEC} = {31DABFB0-A37B-32C5-9913-56AB998FDAEC}
		{5A2590F3-FE82-3431-88B0-45CA9261B68F} = {5A2590F3-FE82-3431-88B0-45CA9261B68F}
	EndProjectSection
EndProject
Project("{8BC9CEB8-8B4A-11D0-8D11-00A0C91BC942}") = "uninstall", "uninstall.vcxproj", "{446ED74D-0DBD-3FCB-8FD9-95FA24987EB2}"
	ProjectSection(ProjectDependencies) = postProject
		{A250DF34-8426-3F59-B17C-9E0820D61BFC} = {A250DF34-8426-3F59-B17C-9E0820D61BFC}
	EndProjectSection
EndProject
Project("{8BC9CEB8-8B4A-11D0-8D11-00A0C91BC942}") = "zlibstatic", "contrib\zlib\zlibstatic.vcxproj", "{5A2590F3-FE82-3431-88B0-45CA9261B68F}"
	ProjectSection(ProjectDependencies) = postProject
		{A250DF34-8426-3F59-B17C-9E0820D61BFC} = {A250DF34-8426-3F59-B17C-9E0820D61BFC}
	EndProjectSection
EndProject
Global
	GlobalSection(SolutionConfigurationPlatforms) = preSolution
		Debug|x64 = Debug|x64
		Release|x64 = Release|x64
		MinSizeRel|x64 = MinSizeRel|x64
		RelWithDebInfo|x64 = RelWithDebInfo|x64
	EndGlobalSection
	GlobalSection(ProjectConfigurationPlatforms) = postSolution
		{4D62B858-43F5-3D53-B1BB-DEBB488861E2}.Debug|x64.ActiveCfg = Debug|x64
		{4D62B858-43F5-3D53-B1BB-DEBB488861E2}.Debug|x64.Build.0 = Debug|x64
		{4D62B858-43F5-3D53-B1BB-DEBB488861E2}.Release|x64.ActiveCfg = Release|x64
		{4D62B858-43F5-3D53-B1BB-DEBB488861E2}.Release|x64.Build.0 = Release|x64
		{4D62B858-43F5-3D53-B1BB-DEBB488861E2}.MinSizeRel|x64.ActiveCfg = MinSizeRel|x64
		{4D62B858-43F5-3D53-B1BB-DEBB488861E2}.MinSizeRel|x64.Build.0 = MinSizeRel|x64
		{4D62B858-43F5-3D53-B1BB-DEBB488861E2}.RelWithDebInfo|x64.ActiveCfg = RelWithDebInfo|x64
		{4D62B858-43F5-3D53-B1BB-DEBB488861E2}.RelWithDebInfo|x64.Build.0 = RelWithDebInfo|x64
		{6FCB2439-7E2B-37C8-90B7-EC948E1C8820}.Debug|x64.ActiveCfg = Debug|x64
		{6FCB2439-7E2B-37C8-90B7-EC948E1C8820}.Release|x64.ActiveCfg = Release|x64
		{6FCB2439-7E2B-37C8-90B7-EC948E1C8820}.MinSizeRel|x64.ActiveCfg = MinSizeRel|x64
		{6FCB2439-7E2B-37C8-90B7-EC948E1C8820}.RelWithDebInfo|x64.ActiveCfg = RelWithDebInfo|x64
		{434A2C43-D355-38EB-8709-257638788FFC}.Debug|x64.ActiveCfg = Debug|x64
		{434A2C43-D355-38EB-8709-257638788FFC}.Release|x64.ActiveCfg = Release|x64
		{434A2C43-D355-38EB-8709-257638788FFC}.MinSizeRel|x64.ActiveCfg = MinSizeRel|x64
		{434A2C43-D355-38EB-8709-257638788FFC}.RelWithDebInfo|x64.ActiveCfg = RelWithDebInfo|x64
		{A250DF34-8426-3F59-B17C-9E0820D61BFC}.Debug|x64.ActiveCfg = Debug|x64
		{A250DF34-8426-3F59-B17C-9E0820D61BFC}.Debug|x64.Build.0 = Debug|x64
		{A250DF34-8426-3F59-B17C-9E0820D61BFC}.Release|x64.ActiveCfg = Release|x64
		{A250DF34-8426-3F59-B17C-9E0820D61BFC}.Release|x64.Build.0 = Release|x64
		{A250DF34-8426-3F59-B17C-9E0820D61BFC}.MinSizeRel|x64.ActiveCfg = MinSizeRel|x64
		{A250DF34-8426-3F59-B17C-9E0820D61BFC}.MinSizeRel|x64.Build.0 = MinSizeRel|x64
		{A250DF34-8426-3F59-B17C-9E0820D61BFC}.RelWithDebInfo|x64.ActiveCfg = RelWithDebInfo|x64
		{A250DF34-8426-3F59-B17C-9E0820D61BFC}.RelWithDebInfo|x64.Build.0 = RelWithDebInfo|x64
		{31DABFB0-A37B-32C5-9913-56AB998FDAEC}.Debug|x64.ActiveCfg = Debug|x64
		{31DABFB0-A37B-32C5-9913-56AB998FDAEC}.Debug|x64.Build.0 = Debug|x64
		{31DABFB0-A37B-32C5-9913-56AB998FDAEC}.Release|x64.ActiveCfg = Release|x64
		{31DABFB0-A37B-32C5-9913-56AB998FDAEC}.Release|x64.Build.0 = Release|x64
		{31DABFB0-A37B-32C5-9913-56AB998FDAEC}.MinSizeRel|x64.ActiveCfg = MinSizeRel|x64
		{31DABFB0-A37B-32C5-9913-56AB998FDAEC}.MinSizeRel|x64.Build.0 = MinSizeRel|x64
		{31DABFB0-A37B-32C5-9913-56AB998FDAEC}.RelWithDebInfo|x64.ActiveCfg = RelWithDebInfo|x64
		{31DABFB0-A37B-32C5-9913-56AB998FDAEC}.RelWithDebInfo|x64.Build.0 = RelWithDebInfo|x64
		{69F1C1D2-758A-3085-9E9C-BCA2C64ED72C}.Debug|x64.ActiveCfg = Debug|x64
		{69F1C1D2-758A-3085-9E9C-BCA2C64ED72C}.Debug|x64.Build.0 = Debug|x64
		{69F1C1D2-758A-3085-9E9C-BCA2C64ED72C}.Release|x64.ActiveCfg = Release|x64
		{69F1C1D2-758A-3085-9E9C-BCA2C64ED72C}.Release|x64.Build.0 = Release|x64
		{69F1C1D2-758A-3085-9E9C-BCA2C64ED72C}.MinSizeRel|x64.ActiveCfg = MinSizeRel|x64
		{69F1C1D2-758A-3085-9E9C-BCA2C64ED72C}.MinSizeRel|x64.Build.0 = MinSizeRel|x64
		{69F1C1D2-758A-3085-9E9C-BCA2C64ED72C}.RelWithDebInfo|x64.ActiveCfg = RelWithDebInfo|x64
		{69F1C1D2-758A-3085-9E9C-BCA2C64ED72C}.RelWithDebInfo|x64.Build.0 = RelWithDebInfo|x64
		{57F1F757-6EE2-3C4D-A5C1-4C38E268ADB4}.Debug|x64.ActiveCfg = Debug|x64
		{57F1F757-6EE2-3C4D-A5C1-4C38E268ADB4}.Debug|x64.Build.0 = Debug|x64
		{57F1F757-6EE2-3C4D-A5C1-4C38E268ADB4}.Release|x64.ActiveCfg = Release|x64
		{57F1F757-6EE2-3C4D-A5C1-4C38E268ADB4}.Release|x64.Build.0 = Release|x64
		{57F1F757-6EE2-3C4D-A5C1-4C38E268ADB4}.MinSizeRel|x64.ActiveCfg = MinSizeRel|x64
		{57F1F757-6EE2-3C4D-A5C1-4C38E268ADB4}.MinSizeRel|x64.Build.0 = MinSizeRel|x64
		{57F1F757-6EE2-3C4D-A5C1-4C38E268ADB4}.RelWithDebInfo|x64.ActiveCfg = RelWithDebInfo|x64
		{57F1F757-6EE2-3C4D-A5C1-4C38E268ADB4}.RelWithDebInfo|x64.Build.0 = RelWithDebInfo|x64
		{8C305498-308F-3871-A1B2-AA57AA5CB308}.Debug|x64.ActiveCfg = Debug|x64
		{8C305498-308F-3871-A1B2-AA57AA5CB308}.Debug|x64.Build.0 = Debug|x64
		{8C305498-308F-3871-A1B2-AA57AA5CB308}.Release|x64.ActiveCfg = Release|x64
		{8C305498-308F-3871-A1B2-AA57AA5CB308}.Release|x64.Build.0 = Release|x64
		{8C305498-308F-3871-A1B2-AA57AA5CB308}.MinSizeRel|x64.ActiveCfg = MinSizeRel|x64
		{8C305498-308F-3871-A1B2-AA57AA5CB308}.MinSizeRel|x64.Build.0 = MinSizeRel|x64
		{8C305498-308F-3871-A1B2-AA57AA5CB308}.RelWithDebInfo|x64.ActiveCfg = RelWithDebInfo|x64
		{8C305498-308F-3871-A1B2-AA57AA5CB308}.RelWithDebInfo|x64.Build.0 = RelWithDebInfo|x64
		{446ED74D-0DBD-3FCB-8FD9-95FA24987EB2}.Debug|x64.ActiveCfg = Debug|x64
		{446ED74D-0DBD-3FCB-8FD9-95FA24987EB2}.Release|x64.ActiveCfg = Release|x64
		{446ED74D-0DBD-3FCB-8FD9-95FA24987EB2}.MinSizeRel|x64.ActiveCfg = MinSizeRel|x64
		{446ED74D-0DBD-3FCB-8FD9-95FA24987EB2}.RelWithDebInfo|x64.ActiveCfg = RelWithDebInfo|x64
		{5A2590F3-FE82-3431-88B0-45CA9261B68F}.Debug|x64.ActiveCfg = Debug|x64
		{5A2590F3-FE82-3431-88B0-45CA9261B68F}.Debug|x64.Build.0 = Debug|x64
		{5A2590F3-FE82-3431-88B0-45CA9261B68F}.Release|x64.ActiveCfg = Release|x64
		{5A2590F3-FE82-3431-88B0-45CA9261B68F}.Release|x64.Build.0 = Release|x64
		{5A2590F3-FE82-3431-88B0-45CA9261B68F}.MinSizeRel|x64.ActiveCfg = MinSizeRel|x64
		{5A2590F3-FE82-3431-88B0-45CA9261B68F}.MinSizeRel|x64.Build.0 = MinSizeRel|x64
		{5A2590F3-FE82-3431-88B0-45CA9261B68F}.RelWithDebInfo|x64.ActiveCfg = RelWithDebInfo|x64
		{5A2590F3-FE82-3431-88B0-45CA9261B68F}.RelWithDebInfo|x64.Build.0 = RelWithDebInfo|x64
	EndGlobalSection
	GlobalSection(ExtensibilityGlobals) = postSolution
		SolutionGuid = {57EC037E-A437-3A73-92CF-5EFF5C13A36F}
	EndGlobalSection
	GlobalSection(ExtensibilityAddIns) = postSolution
	EndGlobalSection
EndGlobal
